
Microsoft Visual Studio Solution File, Format Version 12.00
# Visual Studio 15
VisualStudioVersion = 15.0.28307.902
MinimumVisualStudioVersion = 10.0.40219.1
Project("{FAE04EC0-301F-11D3-BF4B-00C04F79EFBC}") = "SalesWebMvc", "SalesWebMvc\SalesWebMvc.csproj", "{4E9D2757-EDE2-427B-89CD-529DC44DB751}"
EndProject
Global
	GlobalSection(SolutionConfigurationPlatforms) = preSolution
		Debug|Any CPU = Debug|Any CPU
		Release|Any CPU = Release|Any CPU
	EndGlobalSection
	GlobalSection(ProjectConfigurationPlatforms) = postSolution
		{4E9D2757-EDE2-427B-89CD-529DC44DB751}.Debug|Any CPU.ActiveCfg = Debug|Any CPU
		{4E9D2757-EDE2-427B-89CD-529DC44DB751}.Debug|Any CPU.Build.0 = Debug|Any CPU
		{4E9D2757-EDE2-427B-89CD-529DC44DB751}.Release|Any CPU.ActiveCfg = Release|Any CPU
		{4E9D2757-EDE2-427B-89CD-529DC44DB751}.Release|Any CPU.Build.0 = Release|Any CPU
	EndGlobalSection
	GlobalSection(SolutionProperties) = preSolution
		HideSolutionNode = FALSE
	EndGlobalSection
	GlobalSection(ExtensibilityGlobals) = postSolution
		SolutionGuid = {576DD59D-1FCB-4C63-A89C-FEF9FFC7A42B}
	EndGlobalSection
EndGlobal
